
Microsoft Visual Studio Solution File, Format Version 12.00
# Visual Studio Version 17
VisualStudioVersion = 17.6.33723.286
MinimumVisualStudioVersion = 10.0.40219.1
Project("{888888A0-9F3D-457C-B088-3A5042F75D52}") = "Project", "Project\Project.pyproj", "{4826E3D0-3939-4E88-8CD7-497A2EFBF4DB}"
EndProject
Global
	GlobalSection(SolutionConfigurationPlatforms) = preSolution
		Debug|Any CPU = Debug|Any CPU
		Release|Any CPU = Release|Any CPU
	EndGlobalSection
	GlobalSection(ProjectConfigurationPlatforms) = postSolution
		{4826E3D0-3939-4E88-8CD7-497A2EFBF4DB}.Debug|Any CPU.ActiveCfg = Debug|Any CPU
		{4826E3D0-3939-4E88-8CD7-497A2EFBF4DB}.Release|Any CPU.ActiveCfg = Release|Any CPU
	EndGlobalSection
	GlobalSection(SolutionProperties) = preSolution
		HideSolutionNode = FALSE
	EndGlobalSection
	GlobalSection(ExtensibilityGlobals) = postSolution
		SolutionGuid = {CD6298A3-DD6D-4BD2-BC2D-A5BEA7769CB8}
	EndGlobalSection
EndGlobal
